{
    "_meta": {
        "hash": {
            "sha256": "ad6365375b397dcd1115b69880b125a49e17d9cadda17b0ded1b96c4d19c59dc"
        },
        "pipfile-spec": 6,
        "requires": {
            "python_version": "3.10"
        },
        "sources": [
            {
                "name": "pypi",
                "url": "https://pypi.org/simple",
                "verify_ssl": true
            }
        ]
    },
    "default": {
        "bitarray": {
            "hashes": [
                "sha256:00b42b50ec0c1634c14983a1a9805e61d9fee8b58f323475da217f5e6735b015",
                "sha256:014f08d6c060ebb39c5ff4c122f3d7ed7e7b45d95ce95a59f7f99fc29d7333cf",
                "sha256:018f785b3451bed5cab0b7c24fba43276e888e376594dab2a22b6a3254b8e5c5",
                "sha256:021b0e76d42ed3634305210ec1a8fc320607ce842eefd3a54742054deb339d8f",
                "sha256:029e21fe4f3b967142a27b1c43283333d621bb66a8f8f6d23f694f0934a1ea2c",
                "sha256:074eb21d9c3f16af1297f81f9b0d6606c6555748a31ebc6977baaa55b62be83d",
                "sha256:07fc532b29c1d7b28d0127b46783fed03f4020e92587c8a1fb476ee5b43efe98",
                "sha256:0debd8431eab8c0bd4d0c35c962e252cef5276a540d6df1397f4f468931a8380",
                "sha256:12b86f00550a0562586319b4c294060d7ec5051f583f241a83eb497a5294f538",
                "sha256:14e6888579bb4f84db0aa604b157da2c814524e02937941d05ce43e76ae680f0",
                "sha256:155404f42205c5666f10fbf6bb84e1aa24fab8b3bd5188a8fe1dc5114ddc73df",
                "sha256:171a0f2d1b4f5d6e950fb8e4c5fc205116c72f575bd44a56cd890c8bfc3c5a4c",
                "sha256:1791c532cb0c5ea70e7c563dafa5251ff6cdbd8e68119fcd6097d9cddd4e08e2",
                "sha256:1b4392b6c409f3ed1bba862ed1790ca34f7a3d847fd07caae01a3b672b50f0f6",
                "sha256:1c303d7b4fab60e30841a4b2db5057521f1f1edaeba3fa65bf17ef2ec168bbbe",
                "sha256:1c5019a406bfbbfa4853b22541fab4b8cd8da8910d9e0728940d035651103228",
                "sha256:1f06480d5a4c644aa4f5d487ed9e0d22424b91c8adefce95d96e84a8ad76e893",
                "sha256:20fb3ef4901475431dd62f3460674208745e1171925b89dadee154ca581cbdb2",
                "sha256:2b4b4d0a62681445bf19e29336b9ac85d45a9af3dcf93775dd3a2240029b2dd3",
                "sha256:2b4c52c9054be0363a5048f161df98c78c57c92beca91961bce4d6bbed667392",
                "sha256:364602ce9d92b7ecc7bd99680f8b65fb84912ed04e457b8ed372fd02a6bd4809",
                "sha256:37d561ecb5be12680213cd91cde4e142e6aa27c8251f63f36deec07d554a06b9",
                "sha256:3d3f5b5a12eb7dab634ea10ed819101c929e01ded93941b2f0fadcbee1b5ec0b",
                "sha256:4298e7efb4bbbd6c38eb2b47c50454dcb481993e523d80afe786c96f773b838a",
                "sha256:456b164dd15bb8ab4fe044c09a9788f851fd6f49fcbc8cbdd233891a205cb44d",
                "sha256:45eadfe229aa5b2877329a07da28ef68371ace57a519a5a477f6080f9e87b7b4",
                "sha256:486f4ea7bf03b16aeee276ebff99b7e6428ff5f7d089e810c13a948280381282",
                "sha256:4c9df541c2ee7fef43c60e3ad361edf8f3a0dcf1d62cc536f73108984f9f6ab3",
                "sha256:4ce285b1e4414568cb6f8e669c894adbaef3e558cb4d97be5a134fed4f020cba",
                "sha256:506baff0f065e0be920f7aafc0e6270202f564eae357c3b1879e88f33375da2d",
                "sha256:5bc014119a14f6ad7fa45c1e69032873ba452f88749798659f5391675caff3de",
                "sha256:5d7460084ef08cde29af868fde235cb918b99945f63435e54e347629fde6ccdb",
                "sha256:631a8942445e306d95b312f2a73067bef615bea82d4dbfcd8281d1852e4182f4",
                "sha256:643ef1b8f07eaa77e5a5114c0d1c779536cab598e9c410fa38775f4ab571e567",
                "sha256:6827a674b586bf8376042513fa774c500ae130c940728ef3df6e7214a5221d36",
                "sha256:6cdf79279da7f874af593ee1e6197a083c040b023b06d77a87d501210331c9ab",
                "sha256:71bd233b76844d7bf57f36a8417d16643368d8ab85b5b39373defa0f0024c9dd",
                "sha256:7511632e9f64b4dddb40a8e7cc0352274b064b641b24335ddfaae2cb7929adba",
                "sha256:79e41159b6c45ebe304feac113a5ce23117d04e80f2f25fed83d6e73f1d510b6",
                "sha256:7fb60b48a5d0d03858ae1222cbc7517335f03ea324a3409a2ccc1e1b6da082dc",
                "sha256:80ecf7e5dd10b9637c2ad12a15900605d2597f8f83e7b070e09f71ddf044a445",
                "sha256:81e5c1fb6ddbb8ca9eace906538e9715ec7151a818172230c231479722e28b2f",
                "sha256:87df0a8d7143e1a81992be4823c5b2ee73357795fde146368759db93d9359dbc",
                "sha256:887738314d4c4ef8f1f015211d56d078e7c9b3ff7898387374191e6662b72191",
                "sha256:8d38f60751008099a659d5acfb35ef4150183effd5b2bfa6c10199270ddf4c9c",
                "sha256:90224767651a85f988160b3b0fc7319a408b4892a81acb5aa8d47c8ec83b7e90",
                "sha256:90ab3c6f1b4ef350154d4ef1161a0f7bb2ed2383fb1bb753f7380d5d2ab4565c",
                "sha256:92293d8a5620eb323369985d2d7e9a3ed0a51c348ec11d9f699a79f03ff90266",
                "sha256:938bed547915ebafad8e6cc491c3858ed1de4768da6c75a7308d24bd74e0a2e5",
                "sha256:9e21104b14dfb61f4eb25e49ac2593f055296b74bc86d0226a0bf413193c4ab1",
                "sha256:9e4196098e45e67e644de10586ef1838157f18a924d8d3aecde2342b04aed48d",
                "sha256:9e7752bbd0bd9243287de4757c4c732807301bd5edff9855cfcf87164fac1c33",
                "sha256:9f5babc13ebf79c1b6e2d42cecb16c142ebbb135a5c7e38fe1dd426871a75496",
                "sha256:a15791a13253d138d0eee433f582ea54fbc9580bcd1d6ecb1964d87c5fc2b0e5",
                "sha256:a29be32a4331ed5940b9b0b75fa2541b844b2161350108500851298b6be0715f",
                "sha256:a9086c5bd295d69381fca7b805c9e28484653611e28898e01ad28a01133a8872",
                "sha256:aba39ecdf648dad3a8b94de02453c75abb31596d71dc3a5d5eff92b05ed5477b",
                "sha256:af42bf25e40d5cd12f0772a1fe0fa402605f341cecb8b25786e3672ffcb698ed",
                "sha256:bea1ea63a709af3fdd3c901d1d77f80827627e483fc28d2e0da097097e2f1bda",
                "sha256:c100cde3bc0fc7ff35e12c4e1ddcfa8a7a079ec0c0c2a6e98e7f208e5bbcf845",
                "sha256:c638b476bcdddea785b3c27d9ec484067a51277c0e751d02cc9321e434eed321",
                "sha256:c6cad54ce5b41a0b0661980fbbe22c2a372df5c6516625ba5d6fcfa2136b7326",
                "sha256:d472110dbe289f852fcc9a01164225c4f1351ff502f8e7da18cd6f2801eef923",
                "sha256:d7744c501b90336e96534e2f8e9e4a7651c47bfd99b01db1a327fe94548217b4",
                "sha256:d7fb4b32b1bc7a2f1c977866a4f14e5e9416608fd9bad468f8bb5d9c96eec9ac",
                "sha256:d8959252ab7bab3bf7a1df8178ba48ccee0e76b3646f067f15a0737e1ea8260d",
                "sha256:dd46116314e805d2f7d2ab4085358b2ea39ae5f7561ccb5509474fd24d2d5c20",
                "sha256:e2f116b7af9de43eb029c5b4e6e55d708c75c139065acf6e4a3a137d5966c0d2",
                "sha256:e8d92604505640b73e2951892e2a2d004d8332fd52a22b47d60fb68e0770dda2",
                "sha256:f2ff4df0ba170a6076cb72b21054bd9f67779d3f0466f22d70d2b4cdae3bb53f",
                "sha256:f347263a36d6d7be27ae55c5d0697ef22134841c4f19adb600dcaeedcad8c4ac",
                "sha256:f674783a0012c9c15d8d57e5be87fdfe20b2f0186a4c36b954cf271b34fba12f"
            ],
            "index": "pypi",
            "version": "==2.5.1"
        },
        "click": {
            "hashes": [
                "sha256:7682dc8afb30297001674575ea00d1814d808d6a36af415a82bd481d37ba7b8e",
                "sha256:bb4d8133cb15a609f44e8213d9b391b0809795062913b383c62be0ee95b1db48"
            ],
            "markers": "python_version >= '3.7'",
            "version": "==8.1.3"
        },
        "colorama": {
            "hashes": [
                "sha256:5941b2b48a20143d2267e95b1c2a7603ce057ee39fd88e7329b0c292aa16869b",
                "sha256:9f47eda37229f68eee03b24b9748937c7dc3868f906e8ba69fbcbdd3bc5dc3e2"
            ],
            "index": "pypi",
            "version": "==0.4.4"
        },
        "komm": {
            "hashes": [
                "sha256:bf5759f50a16a2caedfbf0413570d90ef56f31e5d12c83433956eb87e5f67ac6",
                "sha256:c8f0652c173907c63362eb390992b768a7b18f6408f16b25c04b61cdbb1e5d5f"
            ],
            "index": "pypi",
            "version": "==0.7.1"
        },
        "lorem-text": {
            "hashes": [
                "sha256:b512779addd08dcc221460ce428f7911b198f66c5763410f3de6d788eb62ceb3",
                "sha256:b984b5570295084012f5a9385672bab3470965c943b73d8d71a6efcd7a62b5c3"
            ],
            "index": "pypi",
            "version": "==2.1"
        },
        "numpy": {
            "hashes": [
                "sha256:0791fbd1e43bf74b3502133207e378901272f3c156c4df4954cad833b1380207",
                "sha256:1ce7ab2053e36c0a71e7a13a7475bd3b1f54750b4b433adc96313e127b870887",
                "sha256:2d487e06ecbf1dc2f18e7efce82ded4f705f4bd0cd02677ffccfb39e5c284c7e",
                "sha256:37431a77ceb9307c28382c9773da9f306435135fae6b80b62a11c53cfedd8802",
                "sha256:3e1ffa4748168e1cc8d3cde93f006fe92b5421396221a02f2274aab6ac83b077",
                "sha256:425b390e4619f58d8526b3dcf656dde069133ae5c240229821f01b5f44ea07af",
                "sha256:43a8ca7391b626b4c4fe20aefe79fec683279e31e7c79716863b4b25021e0e74",
                "sha256:4c6036521f11a731ce0648f10c18ae66d7143865f19f7299943c985cdc95afb5",
                "sha256:59d55e634968b8f77d3fd674a3cf0b96e85147cd6556ec64ade018f27e9479e1",
                "sha256:64f56fc53a2d18b1924abd15745e30d82a5782b2cab3429aceecc6875bd5add0",
                "sha256:7228ad13744f63575b3a972d7ee4fd61815b2879998e70930d4ccf9ec721dce0",
                "sha256:9ce7df0abeabe7fbd8ccbf343dc0db72f68549856b863ae3dd580255d009648e",
                "sha256:a911e317e8c826ea632205e63ed8507e0dc877dcdc49744584dfc363df9ca08c",
                "sha256:b89bf9b94b3d624e7bb480344e91f68c1c6c75f026ed6755955117de00917a7c",
                "sha256:ba9ead61dfb5d971d77b6c131a9dbee62294a932bf6a356e48c75ae684e635b3",
                "sha256:c1d937820db6e43bec43e8d016b9b3165dcb42892ea9f106c70fb13d430ffe72",
                "sha256:cc7f00008eb7d3f2489fca6f334ec19ca63e31371be28fd5dad955b16ec285bd",
                "sha256:d4c5d5eb2ec8da0b4f50c9a843393971f31f1d60be87e0fb0917a49133d257d6",
                "sha256:e96d7f3096a36c8754207ab89d4b3282ba7b49ea140e4973591852c77d09eb76",
                "sha256:f0725df166cf4785c0bc4cbfb320203182b1ecd30fee6e541c8752a92df6aa32",
                "sha256:f3eb268dbd5cfaffd9448113539e44e2dd1c5ca9ce25576f7c04a5453edc26fa",
                "sha256:fb7a980c81dd932381f8228a426df8aeb70d59bbcda2af075b627bbc50207cba"
            ],
            "index": "pypi",
            "version": "==1.22.4"
        },
        "packet": {
            "hashes": [
                "sha256:09a2d8e70b6860548a7c558f7fff7d2ab4b52275a7d0a488b3e93e876740cf6e"
            ],
            "index": "pypi",
            "version": "==0.5"
        },
        "scipy": {
            "hashes": [
                "sha256:02b567e722d62bddd4ac253dafb01ce7ed8742cf8031aea030a41414b86c1125",
                "sha256:1166514aa3bbf04cb5941027c6e294a000bba0cf00f5cdac6c77f2dad479b434",
                "sha256:1da52b45ce1a24a4a22db6c157c38b39885a990a566748fc904ec9f03ed8c6ba",
                "sha256:23b22fbeef3807966ea42d8163322366dd89da9bebdc075da7034cee3a1441ca",
                "sha256:28d2cab0c6ac5aa131cc5071a3a1d8e1366dad82288d9ec2ca44df78fb50e649",
                "sha256:2ef0fbc8bcf102c1998c1f16f15befe7cffba90895d6e84861cd6c6a33fb54f6",
                "sha256:3b69b90c9419884efeffaac2c38376d6ef566e6e730a231e15722b0ab58f0328",
                "sha256:4b93ec6f4c3c4d041b26b5f179a6aab8f5045423117ae7a45ba9710301d7e462",
                "sha256:4e53a55f6a4f22de01ffe1d2f016e30adedb67a699a310cdcac312806807ca81",
                "sha256:6311e3ae9cc75f77c33076cb2794fb0606f14c8f1b1c9ff8ce6005ba2c283621",
                "sha256:65b77f20202599c51eb2771d11a6b899b97989159b7975e9b5259594f1d35ef4",
                "sha256:6cc6b33139eb63f30725d5f7fa175763dc2df6a8f38ddf8df971f7c345b652dc",
                "sha256:70de2f11bf64ca9921fda018864c78af7147025e467ce9f4a11bc877266900a6",
                "sha256:70ebc84134cf0c504ce6a5f12d6db92cb2a8a53a49437a6bb4edca0bc101f11c",
                "sha256:83606129247e7610b58d0e1e93d2c5133959e9cf93555d3c27e536892f1ba1f2",
                "sha256:93d07494a8900d55492401917a119948ed330b8c3f1d700e0b904a578f10ead4",
                "sha256:9c4e3ae8a716c8b3151e16c05edb1daf4cb4d866caa385e861556aff41300c14",
                "sha256:9dd4012ac599a1e7eb63c114d1eee1bcfc6dc75a29b589ff0ad0bb3d9412034f",
                "sha256:9e3fb1b0e896f14a85aa9a28d5f755daaeeb54c897b746df7a55ccb02b340f33",
                "sha256:a0aa8220b89b2e3748a2836fbfa116194378910f1a6e78e4675a095bcd2c762d",
                "sha256:d3b3c8924252caaffc54d4a99f1360aeec001e61267595561089f8b5900821bb",
                "sha256:e013aed00ed776d790be4cb32826adb72799c61e318676172495383ba4570aa4",
                "sha256:f3e7a8867f307e3359cc0ed2c63b61a1e33a19080f92fe377bc7d49f646f2ec1"
            ],
            "markers": "python_version < '3.11' and python_version >= '3.8'",
            "version": "==1.8.1"
        }
    },
    "develop": {}
}
