{
    "_meta": {
        "hash": {
            "sha256": "7354f25f3fd4cf622da9f8a87f21a2d2a606ee09be72713b3530ee61d887d8c0"
        },
        "pipfile-spec": 6,
        "requires": {
            "python_version": "3.10"
        },
        "sources": [
            {
                "name": "pypi",
                "url": "https://pypi.org/simple",
                "verify_ssl": true
            }
        ]
    },
    "default": {
        "bitarray": {
            "hashes": [
                "sha256:00b42b50ec0c1634c14983a1a9805e61d9fee8b58f323475da217f5e6735b015",
                "sha256:014f08d6c060ebb39c5ff4c122f3d7ed7e7b45d95ce95a59f7f99fc29d7333cf",
                "sha256:018f785b3451bed5cab0b7c24fba43276e888e376594dab2a22b6a3254b8e5c5",
                "sha256:021b0e76d42ed3634305210ec1a8fc320607ce842eefd3a54742054deb339d8f",
                "sha256:029e21fe4f3b967142a27b1c43283333d621bb66a8f8f6d23f694f0934a1ea2c",
                "sha256:074eb21d9c3f16af1297f81f9b0d6606c6555748a31ebc6977baaa55b62be83d",
                "sha256:07fc532b29c1d7b28d0127b46783fed03f4020e92587c8a1fb476ee5b43efe98",
                "sha256:0debd8431eab8c0bd4d0c35c962e252cef5276a540d6df1397f4f468931a8380",
                "sha256:12b86f00550a0562586319b4c294060d7ec5051f583f241a83eb497a5294f538",
                "sha256:14e6888579bb4f84db0aa604b157da2c814524e02937941d05ce43e76ae680f0",
                "sha256:155404f42205c5666f10fbf6bb84e1aa24fab8b3bd5188a8fe1dc5114ddc73df",
                "sha256:171a0f2d1b4f5d6e950fb8e4c5fc205116c72f575bd44a56cd890c8bfc3c5a4c",
                "sha256:1791c532cb0c5ea70e7c563dafa5251ff6cdbd8e68119fcd6097d9cddd4e08e2",
                "sha256:1b4392b6c409f3ed1bba862ed1790ca34f7a3d847fd07caae01a3b672b50f0f6",
                "sha256:1c303d7b4fab60e30841a4b2db5057521f1f1edaeba3fa65bf17ef2ec168bbbe",
                "sha256:1c5019a406bfbbfa4853b22541fab4b8cd8da8910d9e0728940d035651103228",
                "sha256:1f06480d5a4c644aa4f5d487ed9e0d22424b91c8adefce95d96e84a8ad76e893",
                "sha256:20fb3ef4901475431dd62f3460674208745e1171925b89dadee154ca581cbdb2",
                "sha256:2b4b4d0a62681445bf19e29336b9ac85d45a9af3dcf93775dd3a2240029b2dd3",
                "sha256:2b4c52c9054be0363a5048f161df98c78c57c92beca91961bce4d6bbed667392",
                "sha256:364602ce9d92b7ecc7bd99680f8b65fb84912ed04e457b8ed372fd02a6bd4809",
                "sha256:37d561ecb5be12680213cd91cde4e142e6aa27c8251f63f36deec07d554a06b9",
                "sha256:3d3f5b5a12eb7dab634ea10ed819101c929e01ded93941b2f0fadcbee1b5ec0b",
                "sha256:4298e7efb4bbbd6c38eb2b47c50454dcb481993e523d80afe786c96f773b838a",
                "sha256:456b164dd15bb8ab4fe044c09a9788f851fd6f49fcbc8cbdd233891a205cb44d",
                "sha256:45eadfe229aa5b2877329a07da28ef68371ace57a519a5a477f6080f9e87b7b4",
                "sha256:486f4ea7bf03b16aeee276ebff99b7e6428ff5f7d089e810c13a948280381282",
                "sha256:4c9df541c2ee7fef43c60e3ad361edf8f3a0dcf1d62cc536f73108984f9f6ab3",
                "sha256:4ce285b1e4414568cb6f8e669c894adbaef3e558cb4d97be5a134fed4f020cba",
                "sha256:506baff0f065e0be920f7aafc0e6270202f564eae357c3b1879e88f33375da2d",
                "sha256:5bc014119a14f6ad7fa45c1e69032873ba452f88749798659f5391675caff3de",
                "sha256:5d7460084ef08cde29af868fde235cb918b99945f63435e54e347629fde6ccdb",
                "sha256:631a8942445e306d95b312f2a73067bef615bea82d4dbfcd8281d1852e4182f4",
                "sha256:643ef1b8f07eaa77e5a5114c0d1c779536cab598e9c410fa38775f4ab571e567",
                "sha256:6827a674b586bf8376042513fa774c500ae130c940728ef3df6e7214a5221d36",
                "sha256:6cdf79279da7f874af593ee1e6197a083c040b023b06d77a87d501210331c9ab",
                "sha256:71bd233b76844d7bf57f36a8417d16643368d8ab85b5b39373defa0f0024c9dd",
                "sha256:7511632e9f64b4dddb40a8e7cc0352274b064b641b24335ddfaae2cb7929adba",
                "sha256:79e41159b6c45ebe304feac113a5ce23117d04e80f2f25fed83d6e73f1d510b6",
                "sha256:7fb60b48a5d0d03858ae1222cbc7517335f03ea324a3409a2ccc1e1b6da082dc",
                "sha256:80ecf7e5dd10b9637c2ad12a15900605d2597f8f83e7b070e09f71ddf044a445",
                "sha256:81e5c1fb6ddbb8ca9eace906538e9715ec7151a818172230c231479722e28b2f",
                "sha256:87df0a8d7143e1a81992be4823c5b2ee73357795fde146368759db93d9359dbc",
                "sha256:887738314d4c4ef8f1f015211d56d078e7c9b3ff7898387374191e6662b72191",
                "sha256:8d38f60751008099a659d5acfb35ef4150183effd5b2bfa6c10199270ddf4c9c",
                "sha256:90224767651a85f988160b3b0fc7319a408b4892a81acb5aa8d47c8ec83b7e90",
                "sha256:90ab3c6f1b4ef350154d4ef1161a0f7bb2ed2383fb1bb753f7380d5d2ab4565c",
                "sha256:92293d8a5620eb323369985d2d7e9a3ed0a51c348ec11d9f699a79f03ff90266",
                "sha256:938bed547915ebafad8e6cc491c3858ed1de4768da6c75a7308d24bd74e0a2e5",
                "sha256:9e21104b14dfb61f4eb25e49ac2593f055296b74bc86d0226a0bf413193c4ab1",
                "sha256:9e4196098e45e67e644de10586ef1838157f18a924d8d3aecde2342b04aed48d",
                "sha256:9e7752bbd0bd9243287de4757c4c732807301bd5edff9855cfcf87164fac1c33",
                "sha256:9f5babc13ebf79c1b6e2d42cecb16c142ebbb135a5c7e38fe1dd426871a75496",
                "sha256:a15791a13253d138d0eee433f582ea54fbc9580bcd1d6ecb1964d87c5fc2b0e5",
                "sha256:a29be32a4331ed5940b9b0b75fa2541b844b2161350108500851298b6be0715f",
                "sha256:a9086c5bd295d69381fca7b805c9e28484653611e28898e01ad28a01133a8872",
                "sha256:aba39ecdf648dad3a8b94de02453c75abb31596d71dc3a5d5eff92b05ed5477b",
                "sha256:af42bf25e40d5cd12f0772a1fe0fa402605f341cecb8b25786e3672ffcb698ed",
                "sha256:bea1ea63a709af3fdd3c901d1d77f80827627e483fc28d2e0da097097e2f1bda",
                "sha256:c100cde3bc0fc7ff35e12c4e1ddcfa8a7a079ec0c0c2a6e98e7f208e5bbcf845",
                "sha256:c638b476bcdddea785b3c27d9ec484067a51277c0e751d02cc9321e434eed321",
                "sha256:c6cad54ce5b41a0b0661980fbbe22c2a372df5c6516625ba5d6fcfa2136b7326",
                "sha256:d472110dbe289f852fcc9a01164225c4f1351ff502f8e7da18cd6f2801eef923",
                "sha256:d7744c501b90336e96534e2f8e9e4a7651c47bfd99b01db1a327fe94548217b4",
                "sha256:d7fb4b32b1bc7a2f1c977866a4f14e5e9416608fd9bad468f8bb5d9c96eec9ac",
                "sha256:d8959252ab7bab3bf7a1df8178ba48ccee0e76b3646f067f15a0737e1ea8260d",
                "sha256:dd46116314e805d2f7d2ab4085358b2ea39ae5f7561ccb5509474fd24d2d5c20",
                "sha256:e2f116b7af9de43eb029c5b4e6e55d708c75c139065acf6e4a3a137d5966c0d2",
                "sha256:e8d92604505640b73e2951892e2a2d004d8332fd52a22b47d60fb68e0770dda2",
                "sha256:f2ff4df0ba170a6076cb72b21054bd9f67779d3f0466f22d70d2b4cdae3bb53f",
                "sha256:f347263a36d6d7be27ae55c5d0697ef22134841c4f19adb600dcaeedcad8c4ac",
                "sha256:f674783a0012c9c15d8d57e5be87fdfe20b2f0186a4c36b954cf271b34fba12f"
            ],
            "index": "pypi",
            "version": "==2.5.1"
        },
        "colorama": {
            "hashes": [
                "sha256:5941b2b48a20143d2267e95b1c2a7603ce057ee39fd88e7329b0c292aa16869b",
                "sha256:9f47eda37229f68eee03b24b9748937c7dc3868f906e8ba69fbcbdd3bc5dc3e2"
            ],
            "index": "pypi",
            "version": "==0.4.4"
        },
        "numpy": {
            "hashes": [
                "sha256:07a8c89a04997625236c5ecb7afe35a02af3896c8aa01890a849913a2309c676",
                "sha256:08d9b008d0156c70dc392bb3ab3abb6e7a711383c3247b410b39962263576cd4",
                "sha256:201b4d0552831f7250a08d3b38de0d989d6f6e4658b709a02a73c524ccc6ffce",
                "sha256:2c10a93606e0b4b95c9b04b77dc349b398fdfbda382d2a39ba5a822f669a0123",
                "sha256:3ca688e1b9b95d80250bca34b11a05e389b1420d00e87a0d12dc45f131f704a1",
                "sha256:48a3aecd3b997bf452a2dedb11f4e79bc5bfd21a1d4cc760e703c31d57c84b3e",
                "sha256:568dfd16224abddafb1cbcce2ff14f522abe037268514dd7e42c6776a1c3f8e5",
                "sha256:5bfb1bb598e8229c2d5d48db1860bcf4311337864ea3efdbe1171fb0c5da515d",
                "sha256:639b54cdf6aa4f82fe37ebf70401bbb74b8508fddcf4797f9fe59615b8c5813a",
                "sha256:8251ed96f38b47b4295b1ae51631de7ffa8260b5b087808ef09a39a9d66c97ab",
                "sha256:92bfa69cfbdf7dfc3040978ad09a48091143cffb778ec3b03fa170c494118d75",
                "sha256:97098b95aa4e418529099c26558eeb8486e66bd1e53a6b606d684d0c3616b168",
                "sha256:a3bae1a2ed00e90b3ba5f7bd0a7c7999b55d609e0c54ceb2b076a25e345fa9f4",
                "sha256:c34ea7e9d13a70bf2ab64a2532fe149a9aced424cd05a2c4ba662fd989e3e45f",
                "sha256:dbc7601a3b7472d559dc7b933b18b4b66f9aa7452c120e87dfb33d02008c8a18",
                "sha256:e7927a589df200c5e23c57970bafbd0cd322459aa7b1ff73b7c2e84d6e3eae62",
                "sha256:f8c1f39caad2c896bc0018f699882b345b2a63708008be29b1f355ebf6f933fe",
                "sha256:f950f8845b480cffe522913d35567e29dd381b0dc7e4ce6a4a9f9156417d2430",
                "sha256:fade0d4f4d292b6f39951b6836d7a3c7ef5b2347f3c420cd9820a1d90d794802",
                "sha256:fdf3c08bce27132395d3c3ba1503cac12e17282358cb4bddc25cc46b0aca07aa"
            ],
            "index": "pypi",
            "version": "==1.22.3"
        },
        "packet": {
            "hashes": [
                "sha256:09a2d8e70b6860548a7c558f7fff7d2ab4b52275a7d0a488b3e93e876740cf6e"
            ],
            "index": "pypi",
            "version": "==0.5"
        }
    },
    "develop": {}
}
